schema: '2.0'
stages:
  prepare_data:
    cmd: python src/stage_01_prepare.py
    deps:
    - path: configs/config.yaml
      md5: 521c5aa933efb4e26d8f8a4d7faa5da3
      size: 220
    - path: data/data.xml
      md5: a304afb96060aad90176268345e10355
      size: 37891850
    - path: src/stage_01_prepare.py
      md5: f9a448d912fde29c1da9cc2e9207fa32
      size: 2063
    - path: src/utils/common.py
      md5: 46d177f731407c8811a9a8206f712613
      size: 453
    - path: src/utils/data_mgmt.py
      md5: 858624d89e74ac641207328de9c0dc1b
      size: 851
    params:
      params.yaml:
        prepare.seed: 2021
        prepare.split: 0.2
    outs:
    - path: artifacts/prepared/test.tsv
      md5: 60c757f3b30604473de7fa775dfc00d9
      size: 4894699
    - path: artifacts/prepared/train.tsv
      md5: 553034c4cf40efc63c99c19fe98610d0
      size: 18966620
