schema: '2.0'
stages:
  prepare_data:
    cmd: python src/stage_01_prepare.py --config=configs/config.yaml --params=params.yaml
    deps:
    - path: configs/config.yaml
      md5: 30ce13ca81dfde5c56010a61d7cd4cfa
      size: 359
    - path: data/data.xml
      md5: a304afb96060aad90176268345e10355
      size: 37891850
    - path: src/stage_01_prepare.py
      md5: f9a448d912fde29c1da9cc2e9207fa32
      size: 2063
    - path: src/utils/common.py
      md5: 5627e6fc2fa913cb96d131bdc6ad592b
      size: 787
    - path: src/utils/data_mgmt.py
      md5: 858624d89e74ac641207328de9c0dc1b
      size: 851
    params:
      params.yaml:
        prepare.seed: 2021
        prepare.split: 0.2
    outs:
    - path: artifacts/prepared/test.tsv
      md5: 60c757f3b30604473de7fa775dfc00d9
      size: 4894699
    - path: artifacts/prepared/train.tsv
      md5: 553034c4cf40efc63c99c19fe98610d0
      size: 18966620
  featurize:
    cmd: python src/stage_02_featurization.py --config=configs/config.yaml --params=params.yaml
    deps:
    - path: artifacts/prepared/test.tsv
      md5: 60c757f3b30604473de7fa775dfc00d9
      size: 4894699
    - path: artifacts/prepared/train.tsv
      md5: 553034c4cf40efc63c99c19fe98610d0
      size: 18966620
    - path: configs/config.yaml
      md5: 30ce13ca81dfde5c56010a61d7cd4cfa
      size: 359
    - path: src/stage_02_featurization.py
      md5: c8a53f466379c3e7bcb0a4c6d2067695
      size: 2968
    - path: src/utils/common.py
      md5: 5627e6fc2fa913cb96d131bdc6ad592b
      size: 787
    - path: src/utils/featurize.py
      md5: 572c8a9efc44c93e11b4628ac1e4bb7c
      size: 505
    params:
      params.yaml:
        featurize.max_features: 3000
        featurize.ngrams: 2
    outs:
    - path: artifacts/features/test.pkl
      md5: 81164fa4daecfc05da4ad928f4144482
      size: 2597441
    - path: artifacts/features/train.pkl
      md5: 30c0f34f19273c212412655d72e44c2a
      size: 10134729
  train:
    cmd: python src/stage_03_train.py --config=configs/config.yaml --params=params.yaml
    deps:
    - path: artifacts/features/train.pkl
      md5: 30c0f34f19273c212412655d72e44c2a
      size: 10134729
    - path: configs/config.yaml
      md5: 30ce13ca81dfde5c56010a61d7cd4cfa
      size: 359
    - path: src/stage_03_train.py
      md5: f492281f9b5ead728a7233662582a70a
      size: 2285
    - path: src/utils/common.py
      md5: 5627e6fc2fa913cb96d131bdc6ad592b
      size: 787
    params:
      params.yaml:
        train.min_split: 16
        train.n_est: 100
        train.seed: 2021
    outs:
    - path: artifacts/model/model.pkl
      md5: bfe403c6a2b6f75cc8b3c67c2867c0d5
      size: 3494859
